// !$*UTF8*$!
{
	archiveVersion = 1;
	classes = {
	};
	objectVersion = 51;
	objects = {

/* Begin PBXBuildFile section */
		224E3550D7A1DAEEE431E2BC /* Pods_TestTaskFlickr.framework in Frameworks */ = {isa = PBXBuildFile; fileRef = 1AAF44E3D1D4EBFBB27DF230 /* Pods_TestTaskFlickr.framework */; };
		F107502526C1345F000705AC /* NetworkRequest.swift in Sources */ = {isa = PBXBuildFile; fileRef = F107502426C1345F000705AC /* NetworkRequest.swift */; };
		F107502D26C168E9000705AC /* PhotoServiceRequest.swift in Sources */ = {isa = PBXBuildFile; fileRef = F107502C26C168E9000705AC /* PhotoServiceRequest.swift */; };
		F107502F26C17831000705AC /* PhotoServiceConfiguration.swift in Sources */ = {isa = PBXBuildFile; fileRef = F107502E26C17831000705AC /* PhotoServiceConfiguration.swift */; };
		F167DB392695672B00DA4C9E /* AppDelegate.swift in Sources */ = {isa = PBXBuildFile; fileRef = F167DB382695672B00DA4C9E /* AppDelegate.swift */; };
		F167DB3B2695672B00DA4C9E /* SceneDelegate.swift in Sources */ = {isa = PBXBuildFile; fileRef = F167DB3A2695672B00DA4C9E /* SceneDelegate.swift */; };
		F167DB3D2695672B00DA4C9E /* PhotoView.swift in Sources */ = {isa = PBXBuildFile; fileRef = F167DB3C2695672B00DA4C9E /* PhotoView.swift */; };
		F167DB3F2695672E00DA4C9E /* Assets.xcassets in Resources */ = {isa = PBXBuildFile; fileRef = F167DB3E2695672E00DA4C9E /* Assets.xcassets */; };
		F167DB422695672E00DA4C9E /* Preview Assets.xcassets in Resources */ = {isa = PBXBuildFile; fileRef = F167DB412695672E00DA4C9E /* Preview Assets.xcassets */; };
		F167DB452695672E00DA4C9E /* LaunchScreen.storyboard in Resources */ = {isa = PBXBuildFile; fileRef = F167DB432695672E00DA4C9E /* LaunchScreen.storyboard */; };
		F167DB4D26957B2500DA4C9E /* PhotoServicable.swift in Sources */ = {isa = PBXBuildFile; fileRef = F167DB4C26957B2500DA4C9E /* PhotoServicable.swift */; };
		F167DB5026957D0E00DA4C9E /* PhotoMetadata.swift in Sources */ = {isa = PBXBuildFile; fileRef = F167DB4F26957D0E00DA4C9E /* PhotoMetadata.swift */; };
		F167DB53269583F000DA4C9E /* PhotoService.swift in Sources */ = {isa = PBXBuildFile; fileRef = F167DB52269583F000DA4C9E /* PhotoService.swift */; };
		F167DB55269584B900DA4C9E /* PhotoServiceUrlBuilding.swift in Sources */ = {isa = PBXBuildFile; fileRef = F167DB54269584B900DA4C9E /* PhotoServiceUrlBuilding.swift */; };
		F167DB57269585AD00DA4C9E /* PhotoServiceUrlBuilder.swift in Sources */ = {isa = PBXBuildFile; fileRef = F167DB56269585AD00DA4C9E /* PhotoServiceUrlBuilder.swift */; };
		F167DB5926958E4700DA4C9E /* PhotoServiceError.swift in Sources */ = {isa = PBXBuildFile; fileRef = F167DB5826958E4700DA4C9E /* PhotoServiceError.swift */; };
		F167DB5C2695901500DA4C9E /* PhotoViewModel.swift in Sources */ = {isa = PBXBuildFile; fileRef = F167DB5B2695901500DA4C9E /* PhotoViewModel.swift */; };
		F167DB5E2695920A00DA4C9E /* ViewModelFactory.swift in Sources */ = {isa = PBXBuildFile; fileRef = F167DB5D2695920A00DA4C9E /* ViewModelFactory.swift */; };
		F167DB612696CE2100DA4C9E /* PhotoCollectionView.swift in Sources */ = {isa = PBXBuildFile; fileRef = F167DB602696CE2100DA4C9E /* PhotoCollectionView.swift */; };
		F167DB632696D68000DA4C9E /* PhotoCollectionViewCell.swift in Sources */ = {isa = PBXBuildFile; fileRef = F167DB622696D68000DA4C9E /* PhotoCollectionViewCell.swift */; };
		F167DB652696DEC200DA4C9E /* UIImage+Extension.swift in Sources */ = {isa = PBXBuildFile; fileRef = F167DB642696DEC200DA4C9E /* UIImage+Extension.swift */; };
		F167DB682696E6C800DA4C9E /* Publisher+Extension.swift in Sources */ = {isa = PBXBuildFile; fileRef = F167DB672696E6C800DA4C9E /* Publisher+Extension.swift */; };
		F167DB6D2696FBBB00DA4C9E /* UIAlertController+Extension.swift in Sources */ = {isa = PBXBuildFile; fileRef = F167DB6C2696FBBB00DA4C9E /* UIAlertController+Extension.swift */; };
		F167DB6F26979A3200DA4C9E /* ImageCache.swift in Sources */ = {isa = PBXBuildFile; fileRef = F167DB6E26979A3200DA4C9E /* ImageCache.swift */; };
		F167DB712698645000DA4C9E /* SearchBar.swift in Sources */ = {isa = PBXBuildFile; fileRef = F167DB702698645000DA4C9E /* SearchBar.swift */; };
		F167DB7326988FED00DA4C9E /* PhotoDetailView.swift in Sources */ = {isa = PBXBuildFile; fileRef = F167DB7226988FED00DA4C9E /* PhotoDetailView.swift */; };
		F167DB752698A18F00DA4C9E /* ImageSaver.swift in Sources */ = {isa = PBXBuildFile; fileRef = F167DB742698A18F00DA4C9E /* ImageSaver.swift */; };
/* End PBXBuildFile section */

/* Begin PBXFileReference section */
		1AAF44E3D1D4EBFBB27DF230 /* Pods_TestTaskFlickr.framework */ = {isa = PBXFileReference; explicitFileType = wrapper.framework; includeInIndex = 0; path = Pods_TestTaskFlickr.framework; sourceTree = BUILT_PRODUCTS_DIR; };
		33A580451CDA0D9BA9911461 /* Pods-TestTaskFlickr.debug.xcconfig */ = {isa = PBXFileReference; includeInIndex = 1; lastKnownFileType = text.xcconfig; name = "Pods-TestTaskFlickr.debug.xcconfig"; path = "Target Support Files/Pods-TestTaskFlickr/Pods-TestTaskFlickr.debug.xcconfig"; sourceTree = "<group>"; };
		9E5F7256888607526292D346 /* Pods-TestTaskFlickr.release.xcconfig */ = {isa = PBXFileReference; includeInIndex = 1; lastKnownFileType = text.xcconfig; name = "Pods-TestTaskFlickr.release.xcconfig"; path = "Target Support Files/Pods-TestTaskFlickr/Pods-TestTaskFlickr.release.xcconfig"; sourceTree = "<group>"; };
		F107502426C1345F000705AC /* NetworkRequest.swift */ = {isa = PBXFileReference; lastKnownFileType = sourcecode.swift; path = NetworkRequest.swift; sourceTree = "<group>"; };
		F107502C26C168E9000705AC /* PhotoServiceRequest.swift */ = {isa = PBXFileReference; lastKnownFileType = sourcecode.swift; path = PhotoServiceRequest.swift; sourceTree = "<group>"; };
		F107502E26C17831000705AC /* PhotoServiceConfiguration.swift */ = {isa = PBXFileReference; lastKnownFileType = sourcecode.swift; path = PhotoServiceConfiguration.swift; sourceTree = "<group>"; };
		F167DB352695672B00DA4C9E /* TestTaskFlickr.app */ = {isa = PBXFileReference; explicitFileType = wrapper.application; includeInIndex = 0; path = TestTaskFlickr.app; sourceTree = BUILT_PRODUCTS_DIR; };
		F167DB382695672B00DA4C9E /* AppDelegate.swift */ = {isa = PBXFileReference; lastKnownFileType = sourcecode.swift; path = AppDelegate.swift; sourceTree = "<group>"; };
		F167DB3A2695672B00DA4C9E /* SceneDelegate.swift */ = {isa = PBXFileReference; lastKnownFileType = sourcecode.swift; path = SceneDelegate.swift; sourceTree = "<group>"; };
		F167DB3C2695672B00DA4C9E /* PhotoView.swift */ = {isa = PBXFileReference; lastKnownFileType = sourcecode.swift; path = PhotoView.swift; sourceTree = "<group>"; };
		F167DB3E2695672E00DA4C9E /* Assets.xcassets */ = {isa = PBXFileReference; lastKnownFileType = folder.assetcatalog; path = Assets.xcassets; sourceTree = "<group>"; };
		F167DB412695672E00DA4C9E /* Preview Assets.xcassets */ = {isa = PBXFileReference; lastKnownFileType = folder.assetcatalog; path = "Preview Assets.xcassets"; sourceTree = "<group>"; };
		F167DB442695672E00DA4C9E /* Base */ = {isa = PBXFileReference; lastKnownFileType = file.storyboard; name = Base; path = Base.lproj/LaunchScreen.storyboard; sourceTree = "<group>"; };
		F167DB462695672E00DA4C9E /* Info.plist */ = {isa = PBXFileReference; lastKnownFileType = text.plist.xml; path = Info.plist; sourceTree = "<group>"; };
		F167DB4C26957B2500DA4C9E /* PhotoServicable.swift */ = {isa = PBXFileReference; lastKnownFileType = sourcecode.swift; path = PhotoServicable.swift; sourceTree = "<group>"; };
		F167DB4F26957D0E00DA4C9E /* PhotoMetadata.swift */ = {isa = PBXFileReference; lastKnownFileType = sourcecode.swift; path = PhotoMetadata.swift; sourceTree = "<group>"; };
		F167DB52269583F000DA4C9E /* PhotoService.swift */ = {isa = PBXFileReference; lastKnownFileType = sourcecode.swift; path = PhotoService.swift; sourceTree = "<group>"; };
		F167DB54269584B900DA4C9E /* PhotoServiceUrlBuilding.swift */ = {isa = PBXFileReference; lastKnownFileType = sourcecode.swift; path = PhotoServiceUrlBuilding.swift; sourceTree = "<group>"; };
		F167DB56269585AD00DA4C9E /* PhotoServiceUrlBuilder.swift */ = {isa = PBXFileReference; lastKnownFileType = sourcecode.swift; path = PhotoServiceUrlBuilder.swift; sourceTree = "<group>"; };
		F167DB5826958E4700DA4C9E /* PhotoServiceError.swift */ = {isa = PBXFileReference; lastKnownFileType = sourcecode.swift; path = PhotoServiceError.swift; sourceTree = "<group>"; };
		F167DB5B2695901500DA4C9E /* PhotoViewModel.swift */ = {isa = PBXFileReference; lastKnownFileType = sourcecode.swift; path = PhotoViewModel.swift; sourceTree = "<group>"; };
		F167DB5D2695920A00DA4C9E /* ViewModelFactory.swift */ = {isa = PBXFileReference; lastKnownFileType = sourcecode.swift; path = ViewModelFactory.swift; sourceTree = "<group>"; };
		F167DB602696CE2100DA4C9E /* PhotoCollectionView.swift */ = {isa = PBXFileReference; lastKnownFileType = sourcecode.swift; path = PhotoCollectionView.swift; sourceTree = "<group>"; };
		F167DB622696D68000DA4C9E /* PhotoCollectionViewCell.swift */ = {isa = PBXFileReference; lastKnownFileType = sourcecode.swift; path = PhotoCollectionViewCell.swift; sourceTree = "<group>"; };
		F167DB642696DEC200DA4C9E /* UIImage+Extension.swift */ = {isa = PBXFileReference; lastKnownFileType = sourcecode.swift; path = "UIImage+Extension.swift"; sourceTree = "<group>"; };
		F167DB672696E6C800DA4C9E /* Publisher+Extension.swift */ = {isa = PBXFileReference; lastKnownFileType = sourcecode.swift; path = "Publisher+Extension.swift"; sourceTree = "<group>"; };
		F167DB6C2696FBBB00DA4C9E /* UIAlertController+Extension.swift */ = {isa = PBXFileReference; lastKnownFileType = sourcecode.swift; path = "UIAlertController+Extension.swift"; sourceTree = "<group>"; };
		F167DB6E26979A3200DA4C9E /* ImageCache.swift */ = {isa = PBXFileReference; lastKnownFileType = sourcecode.swift; path = ImageCache.swift; sourceTree = "<group>"; };
		F167DB702698645000DA4C9E /* SearchBar.swift */ = {isa = PBXFileReference; lastKnownFileType = sourcecode.swift; path = SearchBar.swift; sourceTree = "<group>"; };
		F167DB7226988FED00DA4C9E /* PhotoDetailView.swift */ = {isa = PBXFileReference; lastKnownFileType = sourcecode.swift; path = PhotoDetailView.swift; sourceTree = "<group>"; };
		F167DB742698A18F00DA4C9E /* ImageSaver.swift */ = {isa = PBXFileReference; lastKnownFileType = sourcecode.swift; path = ImageSaver.swift; sourceTree = "<group>"; };
/* End PBXFileReference section */

/* Begin PBXFrameworksBuildPhase section */
		F167DB322695672B00DA4C9E /* Frameworks */ = {
			isa = PBXFrameworksBuildPhase;
			buildActionMask = 2147483647;
			files = (
				224E3550D7A1DAEEE431E2BC /* Pods_TestTaskFlickr.framework in Frameworks */,
			);
			runOnlyForDeploymentPostprocessing = 0;
		};
/* End PBXFrameworksBuildPhase section */

/* Begin PBXGroup section */
		3D0287CFE9BBE22AF3DFDB04 /* Frameworks */ = {
			isa = PBXGroup;
			children = (
				1AAF44E3D1D4EBFBB27DF230 /* Pods_TestTaskFlickr.framework */,
			);
			name = Frameworks;
			sourceTree = "<group>";
		};
		C2FB564B4A783DA73879AA34 /* Pods */ = {
			isa = PBXGroup;
			children = (
				33A580451CDA0D9BA9911461 /* Pods-TestTaskFlickr.debug.xcconfig */,
				9E5F7256888607526292D346 /* Pods-TestTaskFlickr.release.xcconfig */,
			);
			path = Pods;
			sourceTree = "<group>";
		};
		F167DB2C2695672B00DA4C9E = {
			isa = PBXGroup;
			children = (
				F167DB372695672B00DA4C9E /* TestTaskFlickr */,
				F167DB362695672B00DA4C9E /* Products */,
				C2FB564B4A783DA73879AA34 /* Pods */,
				3D0287CFE9BBE22AF3DFDB04 /* Frameworks */,
			);
			sourceTree = "<group>";
		};
		F167DB362695672B00DA4C9E /* Products */ = {
			isa = PBXGroup;
			children = (
				F167DB352695672B00DA4C9E /* TestTaskFlickr.app */,
			);
			name = Products;
			sourceTree = "<group>";
		};
		F167DB372695672B00DA4C9E /* TestTaskFlickr */ = {
			isa = PBXGroup;
			children = (
				F167DB6B2696F86500DA4C9E /* Views */,
				F167DB382695672B00DA4C9E /* AppDelegate.swift */,
				F167DB3A2695672B00DA4C9E /* SceneDelegate.swift */,
				F167DB3E2695672E00DA4C9E /* Assets.xcassets */,
				F167DB432695672E00DA4C9E /* LaunchScreen.storyboard */,
				F167DB462695672E00DA4C9E /* Info.plist */,
				F167DB402695672E00DA4C9E /* Preview Content */,
				F167DB4E26957CCF00DA4C9E /* Networking */,
				F167DB5126957D1100DA4C9E /* Model */,
				F167DB662696DECF00DA4C9E /* Extensions */,
			);
			path = TestTaskFlickr;
			sourceTree = "<group>";
		};
		F167DB402695672E00DA4C9E /* Preview Content */ = {
			isa = PBXGroup;
			children = (
				F167DB412695672E00DA4C9E /* Preview Assets.xcassets */,
			);
			path = "Preview Content";
			sourceTree = "<group>";
		};
		F167DB4E26957CCF00DA4C9E /* Networking */ = {
			isa = PBXGroup;
			children = (
				F167DB4C26957B2500DA4C9E /* PhotoServicable.swift */,
				F167DB52269583F000DA4C9E /* PhotoService.swift */,
				F167DB54269584B900DA4C9E /* PhotoServiceUrlBuilding.swift */,
				F167DB56269585AD00DA4C9E /* PhotoServiceUrlBuilder.swift */,
				F167DB5826958E4700DA4C9E /* PhotoServiceError.swift */,
				F107502426C1345F000705AC /* NetworkRequest.swift */,
				F107502C26C168E9000705AC /* PhotoServiceRequest.swift */,
				F107502E26C17831000705AC /* PhotoServiceConfiguration.swift */,
			);
			path = Networking;
			sourceTree = "<group>";
		};
		F167DB5126957D1100DA4C9E /* Model */ = {
			isa = PBXGroup;
			children = (
				F167DB4F26957D0E00DA4C9E /* PhotoMetadata.swift */,
			);
			path = Model;
			sourceTree = "<group>";
		};
		F167DB5A26958FDE00DA4C9E /* PhotoViewer */ = {
			isa = PBXGroup;
			children = (
				F167DB602696CE2100DA4C9E /* PhotoCollectionView.swift */,
				F167DB3C2695672B00DA4C9E /* PhotoView.swift */,
				F167DB5B2695901500DA4C9E /* PhotoViewModel.swift */,
				F167DB622696D68000DA4C9E /* PhotoCollectionViewCell.swift */,
				F167DB7226988FED00DA4C9E /* PhotoDetailView.swift */,
				F167DB742698A18F00DA4C9E /* ImageSaver.swift */,
			);
			path = PhotoViewer;
			sourceTree = "<group>";
		};
		F167DB662696DECF00DA4C9E /* Extensions */ = {
			isa = PBXGroup;
			children = (
				F167DB642696DEC200DA4C9E /* UIImage+Extension.swift */,
				F167DB672696E6C800DA4C9E /* Publisher+Extension.swift */,
				F167DB6C2696FBBB00DA4C9E /* UIAlertController+Extension.swift */,
				F167DB6E26979A3200DA4C9E /* ImageCache.swift */,
			);
			path = Extensions;
			sourceTree = "<group>";
		};
		F167DB6B2696F86500DA4C9E /* Views */ = {
			isa = PBXGroup;
			children = (
				F167DB702698645000DA4C9E /* SearchBar.swift */,
				F167DB5D2695920A00DA4C9E /* ViewModelFactory.swift */,
				F167DB5A26958FDE00DA4C9E /* PhotoViewer */,
			);
			path = Views;
			sourceTree = "<group>";
		};
/* End PBXGroup section */

/* Begin PBXNativeTarget section */
		F167DB342695672B00DA4C9E /* TestTaskFlickr */ = {
			isa = PBXNativeTarget;
			buildConfigurationList = F167DB492695672E00DA4C9E /* Build configuration list for PBXNativeTarget "TestTaskFlickr" */;
			buildPhases = (
				F6F11A1DE0DA43B3FE0BB541 /* [CP] Check Pods Manifest.lock */,
				F167DB312695672B00DA4C9E /* Sources */,
				F167DB322695672B00DA4C9E /* Frameworks */,
				F167DB332695672B00DA4C9E /* Resources */,
				63247ACF15FFF6776007DA6B /* [CP] Embed Pods Frameworks */,
			);
			buildRules = (
			);
			dependencies = (
			);
			name = TestTaskFlickr;
			productName = TestTaskFlickr;
			productReference = F167DB352695672B00DA4C9E /* TestTaskFlickr.app */;
			productType = "com.apple.product-type.application";
		};
/* End PBXNativeTarget section */

/* Begin PBXProject section */
		F167DB2D2695672B00DA4C9E /* Project object */ = {
			isa = PBXProject;
			attributes = {
				LastSwiftUpdateCheck = 1250;
				LastUpgradeCheck = 1250;
				TargetAttributes = {
					F167DB342695672B00DA4C9E = {
						CreatedOnToolsVersion = 12.5;
					};
				};
			};
			buildConfigurationList = F167DB302695672B00DA4C9E /* Build configuration list for PBXProject "TestTaskFlickr" */;
			compatibilityVersion = "Xcode 9.3";
			developmentRegion = en;
			hasScannedForEncodings = 0;
			knownRegions = (
				en,
				Base,
			);
			mainGroup = F167DB2C2695672B00DA4C9E;
			productRefGroup = F167DB362695672B00DA4C9E /* Products */;
			projectDirPath = "";
			projectRoot = "";
			targets = (
				F167DB342695672B00DA4C9E /* TestTaskFlickr */,
			);
		};
/* End PBXProject section */

/* Begin PBXResourcesBuildPhase section */
		F167DB332695672B00DA4C9E /* Resources */ = {
			isa = PBXResourcesBuildPhase;
			buildActionMask = 2147483647;
			files = (
				F167DB452695672E00DA4C9E /* LaunchScreen.storyboard in Resources */,
				F167DB422695672E00DA4C9E /* Preview Assets.xcassets in Resources */,
				F167DB3F2695672E00DA4C9E /* Assets.xcassets in Resources */,
			);
			runOnlyForDeploymentPostprocessing = 0;
		};
/* End PBXResourcesBuildPhase section */

/* Begin PBXShellScriptBuildPhase section */
		63247ACF15FFF6776007DA6B /* [CP] Embed Pods Frameworks */ = {
			isa = PBXShellScriptBuildPhase;
			buildActionMask = 2147483647;
			files = (
			);
			inputFileListPaths = (
				"${PODS_ROOT}/Target Support Files/Pods-TestTaskFlickr/Pods-TestTaskFlickr-frameworks-${CONFIGURATION}-input-files.xcfilelist",
			);
			name = "[CP] Embed Pods Frameworks";
			outputFileListPaths = (
				"${PODS_ROOT}/Target Support Files/Pods-TestTaskFlickr/Pods-TestTaskFlickr-frameworks-${CONFIGURATION}-output-files.xcfilelist",
			);
			runOnlyForDeploymentPostprocessing = 0;
			shellPath = /bin/sh;
			shellScript = "\"${PODS_ROOT}/Target Support Files/Pods-TestTaskFlickr/Pods-TestTaskFlickr-frameworks.sh\"\n";
			showEnvVarsInLog = 0;
		};
		F6F11A1DE0DA43B3FE0BB541 /* [CP] Check Pods Manifest.lock */ = {
			isa = PBXShellScriptBuildPhase;
			buildActionMask = 2147483647;
			files = (
			);
			inputFileListPaths = (
			);
			inputPaths = (
				"${PODS_PODFILE_DIR_PATH}/Podfile.lock",
				"${PODS_ROOT}/Manifest.lock",
			);
			name = "[CP] Check Pods Manifest.lock";
			outputFileListPaths = (
			);
			outputPaths = (
				"$(DERIVED_FILE_DIR)/Pods-TestTaskFlickr-checkManifestLockResult.txt",
			);
			runOnlyForDeploymentPostprocessing = 0;
			shellPath = /bin/sh;
			shellScript = "diff \"${PODS_PODFILE_DIR_PATH}/Podfile.lock\" \"${PODS_ROOT}/Manifest.lock\" > /dev/null\nif [ $? != 0 ] ; then\n    # print error to STDERR\n    echo \"error: The sandbox is not in sync with the Podfile.lock. Run 'pod install' or update your CocoaPods installation.\" >&2\n    exit 1\nfi\n# This output is used by Xcode 'outputs' to avoid re-running this script phase.\necho \"SUCCESS\" > \"${SCRIPT_OUTPUT_FILE_0}\"\n";
			showEnvVarsInLog = 0;
		};
/* End PBXShellScriptBuildPhase section */

/* Begin PBXSourcesBuildPhase section */
		F167DB312695672B00DA4C9E /* Sources */ = {
			isa = PBXSourcesBuildPhase;
			buildActionMask = 2147483647;
			files = (
				F167DB6D2696FBBB00DA4C9E /* UIAlertController+Extension.swift in Sources */,
				F167DB392695672B00DA4C9E /* AppDelegate.swift in Sources */,
				F167DB6F26979A3200DA4C9E /* ImageCache.swift in Sources */,
				F167DB652696DEC200DA4C9E /* UIImage+Extension.swift in Sources */,
				F167DB5926958E4700DA4C9E /* PhotoServiceError.swift in Sources */,
				F167DB712698645000DA4C9E /* SearchBar.swift in Sources */,
				F167DB5026957D0E00DA4C9E /* PhotoMetadata.swift in Sources */,
				F107502D26C168E9000705AC /* PhotoServiceRequest.swift in Sources */,
				F107502526C1345F000705AC /* NetworkRequest.swift in Sources */,
				F167DB752698A18F00DA4C9E /* ImageSaver.swift in Sources */,
				F167DB682696E6C800DA4C9E /* Publisher+Extension.swift in Sources */,
				F167DB53269583F000DA4C9E /* PhotoService.swift in Sources */,
				F167DB4D26957B2500DA4C9E /* PhotoServicable.swift in Sources */,
				F107502F26C17831000705AC /* PhotoServiceConfiguration.swift in Sources */,
				F167DB612696CE2100DA4C9E /* PhotoCollectionView.swift in Sources */,
				F167DB57269585AD00DA4C9E /* PhotoServiceUrlBuilder.swift in Sources */,
				F167DB55269584B900DA4C9E /* PhotoServiceUrlBuilding.swift in Sources */,
				F167DB632696D68000DA4C9E /* PhotoCollectionViewCell.swift in Sources */,
				F167DB5E2695920A00DA4C9E /* ViewModelFactory.swift in Sources */,
				F167DB3B2695672B00DA4C9E /* SceneDelegate.swift in Sources */,
				F167DB3D2695672B00DA4C9E /* PhotoView.swift in Sources */,
				F167DB5C2695901500DA4C9E /* PhotoViewModel.swift in Sources */,
				F167DB7326988FED00DA4C9E /* PhotoDetailView.swift in Sources */,
			);
			runOnlyForDeploymentPostprocessing = 0;
		};
/* End PBXSourcesBuildPhase section */

/* Begin PBXVariantGroup section */
		F167DB432695672E00DA4C9E /* LaunchScreen.storyboard */ = {
			isa = PBXVariantGroup;
			children = (
				F167DB442695672E00DA4C9E /* Base */,
			);
			name = LaunchScreen.storyboard;
			sourceTree = "<group>";
		};
/* End PBXVariantGroup section */

/* Begin XCBuildConfiguration section */
		F167DB472695672E00DA4C9E /* Debug */ = {
			isa = XCBuildConfiguration;
			buildSettings = {
				ALWAYS_SEARCH_USER_PATHS = NO;
				CLANG_ANALYZER_NONNULL = YES;
				CLANG_ANALYZER_NUMBER_OBJECT_CONVERSION = YES_AGGRESSIVE;
				CLANG_CXX_LANGUAGE_STANDARD = "gnu++14";
				CLANG_CXX_LIBRARY = "libc++";
				CLANG_ENABLE_MODULES = YES;
				CLANG_ENABLE_OBJC_ARC = YES;
				CLANG_ENABLE_OBJC_WEAK = YES;
				CLANG_WARN_BLOCK_CAPTURE_AUTORELEASING = YES;
				CLANG_WARN_BOOL_CONVERSION = YES;
				CLANG_WARN_COMMA = YES;
				CLANG_WARN_CONSTANT_CONVERSION = YES;
				CLANG_WARN_DEPRECATED_OBJC_IMPLEMENTATIONS = YES;
				CLANG_WARN_DIRECT_OBJC_ISA_USAGE = YES_ERROR;
				CLANG_WARN_DOCUMENTATION_COMMENTS = YES;
				CLANG_WARN_EMPTY_BODY = YES;
				CLANG_WARN_ENUM_CONVERSION = YES;
				CLANG_WARN_INFINITE_RECURSION = YES;
				CLANG_WARN_INT_CONVERSION = YES;
				CLANG_WARN_NON_LITERAL_NULL_CONVERSION = YES;
				CLANG_WARN_OBJC_IMPLICIT_RETAIN_SELF = YES;
				CLANG_WARN_OBJC_LITERAL_CONVERSION = YES;
				CLANG_WARN_OBJC_ROOT_CLASS = YES_ERROR;
				CLANG_WARN_QUOTED_INCLUDE_IN_FRAMEWORK_HEADER = YES;
				CLANG_WARN_RANGE_LOOP_ANALYSIS = YES;
				CLANG_WARN_STRICT_PROTOTYPES = YES;
				CLANG_WARN_SUSPICIOUS_MOVE = YES;
				CLANG_WARN_UNGUARDED_AVAILABILITY = YES_AGGRESSIVE;
				CLANG_WARN_UNREACHABLE_CODE = YES;
				CLANG_WARN__DUPLICATE_METHOD_MATCH = YES;
				COPY_PHASE_STRIP = NO;
				DEBUG_INFORMATION_FORMAT = dwarf;
				ENABLE_STRICT_OBJC_MSGSEND = YES;
				ENABLE_TESTABILITY = YES;
				GCC_C_LANGUAGE_STANDARD = gnu11;
				GCC_DYNAMIC_NO_PIC = NO;
				GCC_NO_COMMON_BLOCKS = YES;
				GCC_OPTIMIZATION_LEVEL = 0;
				GCC_PREPROCESSOR_DEFINITIONS = (
					"DEBUG=1",
					"$(inherited)",
				);
				GCC_WARN_64_TO_32_BIT_CONVERSION = YES;
				GCC_WARN_ABOUT_RETURN_TYPE = YES_ERROR;
				GCC_WARN_UNDECLARED_SELECTOR = YES;
				GCC_WARN_UNINITIALIZED_AUTOS = YES_AGGRESSIVE;
				GCC_WARN_UNUSED_FUNCTION = YES;
				GCC_WARN_UNUSED_VARIABLE = YES;
				IPHONEOS_DEPLOYMENT_TARGET = 14.5;
				MTL_ENABLE_DEBUG_INFO = INCLUDE_SOURCE;
				MTL_FAST_MATH = YES;
				ONLY_ACTIVE_ARCH = YES;
				SDKROOT = iphoneos;
				SWIFT_ACTIVE_COMPILATION_CONDITIONS = DEBUG;
				SWIFT_OPTIMIZATION_LEVEL = "-Onone";
			};
			name = Debug;
		};
		F167DB482695672E00DA4C9E /* Release */ = {
			isa = XCBuildConfiguration;
			buildSettings = {
				ALWAYS_SEARCH_USER_PATHS = NO;
				CLANG_ANALYZER_NONNULL = YES;
				CLANG_ANALYZER_NUMBER_OBJECT_CONVERSION = YES_AGGRESSIVE;
				CLANG_CXX_LANGUAGE_STANDARD = "gnu++14";
				CLANG_CXX_LIBRARY = "libc++";
				CLANG_ENABLE_MODULES = YES;
				CLANG_ENABLE_OBJC_ARC = YES;
				CLANG_ENABLE_OBJC_WEAK = YES;
				CLANG_WARN_BLOCK_CAPTURE_AUTORELEASING = YES;
				CLANG_WARN_BOOL_CONVERSION = YES;
				CLANG_WARN_COMMA = YES;
				CLANG_WARN_CONSTANT_CONVERSION = YES;
				CLANG_WARN_DEPRECATED_OBJC_IMPLEMENTATIONS = YES;
				CLANG_WARN_DIRECT_OBJC_ISA_USAGE = YES_ERROR;
				CLANG_WARN_DOCUMENTATION_COMMENTS = YES;
				CLANG_WARN_EMPTY_BODY = YES;
				CLANG_WARN_ENUM_CONVERSION = YES;
				CLANG_WARN_INFINITE_RECURSION = YES;
				CLANG_WARN_INT_CONVERSION = YES;
				CLANG_WARN_NON_LITERAL_NULL_CONVERSION = YES;
				CLANG_WARN_OBJC_IMPLICIT_RETAIN_SELF = YES;
				CLANG_WARN_OBJC_LITERAL_CONVERSION = YES;
				CLANG_WARN_OBJC_ROOT_CLASS = YES_ERROR;
				CLANG_WARN_QUOTED_INCLUDE_IN_FRAMEWORK_HEADER = YES;
				CLANG_WARN_RANGE_LOOP_ANALYSIS = YES;
				CLANG_WARN_STRICT_PROTOTYPES = YES;
				CLANG_WARN_SUSPICIOUS_MOVE = YES;
				CLANG_WARN_UNGUARDED_AVAILABILITY = YES_AGGRESSIVE;
				CLANG_WARN_UNREACHABLE_CODE = YES;
				CLANG_WARN__DUPLICATE_METHOD_MATCH = YES;
				COPY_PHASE_STRIP = NO;
				DEBUG_INFORMATION_FORMAT = "dwarf-with-dsym";
				ENABLE_NS_ASSERTIONS = NO;
				ENABLE_STRICT_OBJC_MSGSEND = YES;
				GCC_C_LANGUAGE_STANDARD = gnu11;
				GCC_NO_COMMON_BLOCKS = YES;
				GCC_WARN_64_TO_32_BIT_CONVERSION = YES;
				GCC_WARN_ABOUT_RETURN_TYPE = YES_ERROR;
				GCC_WARN_UNDECLARED_SELECTOR = YES;
				GCC_WARN_UNINITIALIZED_AUTOS = YES_AGGRESSIVE;
				GCC_WARN_UNUSED_FUNCTION = YES;
				GCC_WARN_UNUSED_VARIABLE = YES;
				IPHONEOS_DEPLOYMENT_TARGET = 14.5;
				MTL_ENABLE_DEBUG_INFO = NO;
				MTL_FAST_MATH = YES;
				SDKROOT = iphoneos;
				SWIFT_COMPILATION_MODE = wholemodule;
				SWIFT_OPTIMIZATION_LEVEL = "-O";
				VALIDATE_PRODUCT = YES;
			};
			name = Release;
		};
		F167DB4A2695672E00DA4C9E /* Debug */ = {
			isa = XCBuildConfiguration;
			baseConfigurationReference = 33A580451CDA0D9BA9911461 /* Pods-TestTaskFlickr.debug.xcconfig */;
			buildSettings = {
				ASSETCATALOG_COMPILER_APPICON_NAME = AppIcon;
				ASSETCATALOG_COMPILER_GLOBAL_ACCENT_COLOR_NAME = AccentColor;
				CODE_SIGN_STYLE = Automatic;
				DEVELOPMENT_ASSET_PATHS = "\"TestTaskFlickr/Preview Content\"";
				DEVELOPMENT_TEAM = 6JXQ48TPFG;
				ENABLE_PREVIEWS = YES;
				INFOPLIST_FILE = TestTaskFlickr/Info.plist;
				LD_RUNPATH_SEARCH_PATHS = (
					"$(inherited)",
					"@executable_path/Frameworks",
				);
				PRODUCT_BUNDLE_IDENTIFIER = "com.test-task-flickr.TestTaskFlickr";
				PRODUCT_NAME = "$(TARGET_NAME)";
				SWIFT_VERSION = 5.0;
				TARGETED_DEVICE_FAMILY = "1,2";
			};
			name = Debug;
		};
		F167DB4B2695672E00DA4C9E /* Release */ = {
			isa = XCBuildConfiguration;
			baseConfigurationReference = 9E5F7256888607526292D346 /* Pods-TestTaskFlickr.release.xcconfig */;
			buildSettings = {
				ASSETCATALOG_COMPILER_APPICON_NAME = AppIcon;
				ASSETCATALOG_COMPILER_GLOBAL_ACCENT_COLOR_NAME = AccentColor;
				CODE_SIGN_STYLE = Automatic;
				DEVELOPMENT_ASSET_PATHS = "\"TestTaskFlickr/Preview Content\"";
				DEVELOPMENT_TEAM = 6JXQ48TPFG;
				ENABLE_PREVIEWS = YES;
				INFOPLIST_FILE = TestTaskFlickr/Info.plist;
				LD_RUNPATH_SEARCH_PATHS = (
					"$(inherited)",
					"@executable_path/Frameworks",
				);
				PRODUCT_BUNDLE_IDENTIFIER = "com.test-task-flickr.TestTaskFlickr";
				PRODUCT_NAME = "$(TARGET_NAME)";
				SWIFT_VERSION = 5.0;
				TARGETED_DEVICE_FAMILY = "1,2";
			};
			name = Release;
		};
/* End XCBuildConfiguration section */

/* Begin XCConfigurationList section */
		F167DB302695672B00DA4C9E /* Build configuration list for PBXProject "TestTaskFlickr" */ = {
			isa = XCConfigurationList;
			buildConfigurations = (
				F167DB472695672E00DA4C9E /* Debug */,
				F167DB482695672E00DA4C9E /* Release */,
			);
			defaultConfigurationIsVisible = 0;
			defaultConfigurationName = Release;
		};
		F167DB492695672E00DA4C9E /* Build configuration list for PBXNativeTarget "TestTaskFlickr" */ = {
			isa = XCConfigurationList;
			buildConfigurations = (
				F167DB4A2695672E00DA4C9E /* Debug */,
				F167DB4B2695672E00DA4C9E /* Release */,
			);
			defaultConfigurationIsVisible = 0;
			defaultConfigurationName = Release;
		};
/* End XCConfigurationList section */
	};
	rootObject = F167DB2D2695672B00DA4C9E /* Project object */;
}
